
Microsoft Visual Studio Solution File, Format Version 12.00
# Visual Studio Version 16
VisualStudioVersion = 16.0.29509.3
MinimumVisualStudioVersion = 10.0.40219.1
Project("{FAE04EC0-301F-11D3-BF4B-00C04F79EFBC}") = "CI_PR2_Sudokusolver", "CI_PR2_Sudokusolver\CI_PR2_Sudokusolver.csproj", "{0139556F-4161-4395-93AA-DB8DEFBF5B59}"
EndProject
Global
	GlobalSection(SolutionConfigurationPlatforms) = preSolution
		Debug|Any CPU = Debug|Any CPU
		Release|Any CPU = Release|Any CPU
	EndGlobalSection
	GlobalSection(ProjectConfigurationPlatforms) = postSolution
		{0139556F-4161-4395-93AA-DB8DEFBF5B59}.Debug|Any CPU.ActiveCfg = Debug|Any CPU
		{0139556F-4161-4395-93AA-DB8DEFBF5B59}.Debug|Any CPU.Build.0 = Debug|Any CPU
		{0139556F-4161-4395-93AA-DB8DEFBF5B59}.Release|Any CPU.ActiveCfg = Release|Any CPU
		{0139556F-4161-4395-93AA-DB8DEFBF5B59}.Release|Any CPU.Build.0 = Release|Any CPU
	EndGlobalSection
	GlobalSection(SolutionProperties) = preSolution
		HideSolutionNode = FALSE
	EndGlobalSection
	GlobalSection(ExtensibilityGlobals) = postSolution
		SolutionGuid = {B9045042-956D-41C1-A90C-E4F4260B39F9}
	EndGlobalSection
EndGlobal
